version = 1
revision = 3
requires-python = ">=3.9"
resolution-markers = [
    "python_full_version >= '3.10'",
    "python_full_version < '3.10'",
]

[[package]]
name = "epw"
source = { editable = "." }
dependencies = [
    { name = "polars", version = "1.36.1", source = { registry = "https://pypi.org/simple" }, marker = "python_full_version < '3.10'" },
    { name = "polars", version = "1.39.2", source = { registry = "https://pypi.org/simple" }, marker = "python_full_version >= '3.10'" },
]

[package.metadata]
requires-dist = [{ name = "polars", specifier = ">=1.21.0,<2.0" }]

[[package]]
name = "polars"
version = "1.36.1"
source = { registry = "https://pypi.org/simple" }
resolution-markers = [
    "python_full_version < '3.10'",
]
dependencies = [
    { name = "polars-runtime-32", version = "1.36.1", source = { registry = "https://pypi.org/simple" }, marker = "python_full_version < '3.10'" },
]
sdist = { url = "https://files.pythonhosted.org/packages/9f/dc/56f2a90c79a2cb13f9e956eab6385effe54216ae7a2068b3a6406bae4345/polars-1.36.1.tar.gz", hash = "sha256:12c7616a2305559144711ab73eaa18814f7aa898c522e7645014b68f1432d54c", size = 711993, upload-time = "2025-12-10T01:14:53.033Z" }
wheels = [
    { url = "https://files.pythonhosted.org/packages/f6/c6/36a1b874036b49893ecae0ac44a2f63d1a76e6212631a5b2f50a86e0e8af/polars-1.36.1-py3-none-any.whl", hash = "sha256:853c1bbb237add6a5f6d133c15094a9b727d66dd6a4eb91dbb07cdb056b2b8ef", size = 802429, upload-time = "2025-12-10T01:13:53.838Z" },
]

[[package]]
name = "polars"
version = "1.39.2"
source = { registry = "https://pypi.org/simple" }
resolution-markers = [
    "python_full_version >= '3.10'",
]
dependencies = [
    { name = "polars-runtime-32", version = "1.39.2", source = { registry = "https://pypi.org/simple" }, marker = "python_full_version >= '3.10'" },
]
sdist = { url = "https://files.pythonhosted.org/packages/87/33/50d5f19904e48c79e287b825e847bb44ca9d22a010da2c54f011c007c9b4/polars-1.39.2.tar.gz", hash = "sha256:81a522dbc8a90153f8b584db65ada340e02eff35e880b1c8317a4db2972f332e", size = 728976, upload-time = "2026-03-17T17:18:41.405Z" }
wheels = [
    { url = "https://files.pythonhosted.org/packages/c2/52/306da8d01a324a6ad693baa963dcd180f089882426653605bd418681183b/polars-1.39.2-py3-none-any.whl", hash = "sha256:4c18adebbec09e71021cb54af3b529f5d77b78d0220bb96f251855b418152691", size = 823983, upload-time = "2026-03-17T17:16:35.211Z" },
]

[[package]]
name = "polars-runtime-32"
version = "1.36.1"
source = { registry = "https://pypi.org/simple" }
resolution-markers = [
    "python_full_version < '3.10'",
]
sdist = { url = "https://files.pythonhosted.org/packages/31/df/597c0ef5eb8d761a16d72327846599b57c5d40d7f9e74306fc154aba8c37/polars_runtime_32-1.36.1.tar.gz", hash = "sha256:201c2cfd80ceb5d5cd7b63085b5fd08d6ae6554f922bcb941035e39638528a09", size = 2788751, upload-time = "2025-12-10T01:14:54.172Z" }
wheels = [
    { url = "https://files.pythonhosted.org/packages/e1/ea/871129a2d296966c0925b078a9a93c6c5e7facb1c5eebfcd3d5811aeddc1/polars_runtime_32-1.36.1-cp39-abi3-macosx_10_12_x86_64.whl", hash = "sha256:327b621ca82594f277751f7e23d4b939ebd1be18d54b4cdf7a2f8406cecc18b2", size = 43494311, upload-time = "2025-12-10T01:13:56.096Z" },
    { url = "https://files.pythonhosted.org/packages/d8/76/0038210ad1e526ce5bb2933b13760d6b986b3045eccc1338e661bd656f77/polars_runtime_32-1.36.1-cp39-abi3-macosx_11_0_arm64.whl", hash = "sha256:ab0d1f23084afee2b97de8c37aa3e02ec3569749ae39571bd89e7a8b11ae9e83", size = 39300602, upload-time = "2025-12-10T01:13:59.366Z" },
    { url = "https://files.pythonhosted.org/packages/54/1e/2707bee75a780a953a77a2c59829ee90ef55708f02fc4add761c579bf76e/polars_runtime_32-1.36.1-cp39-abi3-manylinux_2_17_x86_64.manylinux2014_x86_64.whl", hash = "sha256:899b9ad2e47ceb31eb157f27a09dbc2047efbf4969a923a6b1ba7f0412c3e64c", size = 44511780, upload-time = "2025-12-10T01:14:02.285Z" },
    { url = "https://files.pythonhosted.org/packages/11/b2/3fede95feee441be64b4bcb32444679a8fbb7a453a10251583053f6efe52/polars_runtime_32-1.36.1-cp39-abi3-manylinux_2_24_aarch64.whl", hash = "sha256:d9d077bb9df711bc635a86540df48242bb91975b353e53ef261c6fae6cb0948f", size = 40688448, upload-time = "2025-12-10T01:14:05.131Z" },
    { url = "https://files.pythonhosted.org/packages/05/0f/e629713a72999939b7b4bfdbf030a32794db588b04fdf3dc977dd8ea6c53/polars_runtime_32-1.36.1-cp39-abi3-win_amd64.whl", hash = "sha256:cc17101f28c9a169ff8b5b8d4977a3683cd403621841623825525f440b564cf0", size = 44464898, upload-time = "2025-12-10T01:14:08.296Z" },
    { url = "https://files.pythonhosted.org/packages/d1/d8/a12e6aa14f63784cead437083319ec7cece0d5bb9a5bfe7678cc6578b52a/polars_runtime_32-1.36.1-cp39-abi3-win_arm64.whl", hash = "sha256:809e73857be71250141225ddd5d2b30c97e6340aeaa0d445f930e01bef6888dc", size = 39798896, upload-time = "2025-12-10T01:14:11.568Z" },
]

[[package]]
name = "polars-runtime-32"
version = "1.39.2"
source = { registry = "https://pypi.org/simple" }
resolution-markers = [
    "python_full_version >= '3.10'",
]
sdist = { url = "https://files.pythonhosted.org/packages/ec/27/f152f8ac761f1bd40f8b97795d812a92fca36e2d9a4a48899a29a4b63759/polars_runtime_32-1.39.2.tar.gz", hash = "sha256:cd140b510aeaa929d868f2dde12b1d9163e6df416a30abbabc936f0dc68f58b8", size = 2871745, upload-time = "2026-03-17T17:18:43.336Z" }
wheels = [
    { url = "https://files.pythonhosted.org/packages/f9/eb/b207c80c0e34ab9bd63dce98edc33c86e76ad3806b57faa551f9cb38483a/polars_runtime_32-1.39.2-cp310-abi3-macosx_10_12_x86_64.whl", hash = "sha256:f8165a49fd3fdb9526f23448ec62186c387ddb8b3a574b1cbe093e7efbf20b97", size = 45273242, upload-time = "2026-03-17T17:16:38.161Z" },
    { url = "https://files.pythonhosted.org/packages/2b/75/ceca07b2b6553fff591335213d91c944da13ee56b0dd789793d9dd5ef106/polars_runtime_32-1.39.2-cp310-abi3-macosx_11_0_arm64.whl", hash = "sha256:897deb4b2c878d65d0f753bb79c95b94902e4fb6c8f55693e059f419cebb54e6", size = 40842750, upload-time = "2026-03-17T17:16:41.806Z" },
    { url = "https://files.pythonhosted.org/packages/1d/42/e34654ebbba3f46c9a462b96097c425058fd1734e30c90d57f88785580d6/polars_runtime_32-1.39.2-cp310-abi3-manylinux_2_17_aarch64.manylinux2014_aarch64.whl", hash = "sha256:eac7180dc99251050c54cc7f8e599167b4f10f0f165f64c593cfc6b6ece11da8", size = 43220738, upload-time = "2026-03-17T17:16:45.414Z" },
    { url = "https://files.pythonhosted.org/packages/4b/ad/f95110341491949f7137f1c74b988a6fede81b0b145771f3a69d9001f15a/polars_runtime_32-1.39.2-cp310-abi3-manylinux_2_17_x86_64.manylinux2014_x86_64.whl", hash = "sha256:5895c531f61cad339a6283410c5b142f51c785263970efdea4d3ec571c1d98ef", size = 46877499, upload-time = "2026-03-17T17:16:49.411Z" },
    { url = "https://files.pythonhosted.org/packages/1b/1a/3eefef3da464e3f5defd957baa971567062ac8d6503a0922b9bae51cc8ce/polars_runtime_32-1.39.2-cp310-abi3-musllinux_1_2_aarch64.whl", hash = "sha256:4786a82d300e1005b5d3ee3c42f16c5b457d3c34cb5d3e1d2423a41e53a51292", size = 43380175, upload-time = "2026-03-17T17:16:53.309Z" },
    { url = "https://files.pythonhosted.org/packages/9e/a4/f50f78fa8349eca7d817fd9f55781ec0bf9dd7de2d41b8fa07559f1a8c26/polars_runtime_32-1.39.2-cp310-abi3-musllinux_1_2_x86_64.whl", hash = "sha256:b3aa5295f1fabde44230d65843974c7eed8e1826ddbe6279fb2af5ad43135432", size = 46485946, upload-time = "2026-03-17T17:16:57.511Z" },
    { url = "https://files.pythonhosted.org/packages/ad/38/d39a817f7bcc10b3fac623a862f7747f644a7b25c3fa9471a15676fa38a8/polars_runtime_32-1.39.2-cp310-abi3-win_amd64.whl", hash = "sha256:54681d568a7a33468248406a02d9335e767c838c6a64b0d8ea810ed73561efed", size = 46995460, upload-time = "2026-03-17T17:17:03.078Z" },
    { url = "https://files.pythonhosted.org/packages/61/81/ce97dc3d3ebd43f78dd47100110e586df0a48de9668b79806220f948b422/polars_runtime_32-1.39.2-cp310-abi3-win_arm64.whl", hash = "sha256:d4402c8d35a9dcec2049e6b0bcfd13853ef1a0ce456a32b489b81979d3e6f8a5", size = 41857645, upload-time = "2026-03-17T17:17:08.189Z" },
]
